
Microsoft Visual Studio Solution File, Format Version 12.00
# Visual Studio Version 17
VisualStudioVersion = 17.5.33502.453
MinimumVisualStudioVersion = 10.0.40219.1
Project("{9A19103F-16F7-4668-BE54-9A1E7A4F7556}") = "ProjectManagement.Presentation.WPF", "ProjectManagement.Presentation.WPF\ProjectManagement.Presentation.WPF.csproj", "{E90130BA-2B56-473E-95CB-02C2909FACA5}"
EndProject
Project("{2150E333-8FDC-42A3-9474-1A3956D46DE8}") = "Presentation", "Presentation", "{CCA4B024-6D7D-42EC-B496-F70234C2E6DC}"
EndProject
Project("{2150E333-8FDC-42A3-9474-1A3956D46DE8}") = "Core", "Core", "{D48CE884-876B-4E80-90F9-239EC259370A}"
EndProject
Project("{9A19103F-16F7-4668-BE54-9A1E7A4F7556}") = "ProjectManagement.Presentation.Core", "ProjectManagement.Presentation.Core\ProjectManagement.Presentation.Core.csproj", "{E6C09733-2C00-4450-8B24-624457ABA8C8}"
EndProject
Project("{9A19103F-16F7-4668-BE54-9A1E7A4F7556}") = "ProjectManagement.Core", "ProjectManagement.Core\ProjectManagement.Core.csproj", "{4D4661EE-FCD2-42DA-874F-09FD00C16F9F}"
EndProject
Project("{2150E333-8FDC-42A3-9474-1A3956D46DE8}") = "Solution Items", "Solution Items", "{92BF7EB9-6AB7-4E8D-A81C-AD585152AD0F}"
	ProjectSection(SolutionItems) = preProject
		.editorconfig = .editorconfig
	EndProjectSection
EndProject
Project("{9A19103F-16F7-4668-BE54-9A1E7A4F7556}") = "ProjectManagement.Persistance", "ProjectManagement.Persistance\ProjectManagement.Persistance.csproj", "{238539BA-7ED7-4D92-BD55-DF106DC8B073}"
EndProject
Global
	GlobalSection(SolutionConfigurationPlatforms) = preSolution
		Debug|Any CPU = Debug|Any CPU
		Release|Any CPU = Release|Any CPU
	EndGlobalSection
	GlobalSection(ProjectConfigurationPlatforms) = postSolution
		{E90130BA-2B56-473E-95CB-02C2909FACA5}.Debug|Any CPU.ActiveCfg = Debug|Any CPU
		{E90130BA-2B56-473E-95CB-02C2909FACA5}.Debug|Any CPU.Build.0 = Debug|Any CPU
		{E90130BA-2B56-473E-95CB-02C2909FACA5}.Release|Any CPU.ActiveCfg = Release|Any CPU
		{E90130BA-2B56-473E-95CB-02C2909FACA5}.Release|Any CPU.Build.0 = Release|Any CPU
		{E6C09733-2C00-4450-8B24-624457ABA8C8}.Debug|Any CPU.ActiveCfg = Debug|Any CPU
		{E6C09733-2C00-4450-8B24-624457ABA8C8}.Debug|Any CPU.Build.0 = Debug|Any CPU
		{E6C09733-2C00-4450-8B24-624457ABA8C8}.Release|Any CPU.ActiveCfg = Release|Any CPU
		{E6C09733-2C00-4450-8B24-624457ABA8C8}.Release|Any CPU.Build.0 = Release|Any CPU
		{4D4661EE-FCD2-42DA-874F-09FD00C16F9F}.Debug|Any CPU.ActiveCfg = Debug|Any CPU
		{4D4661EE-FCD2-42DA-874F-09FD00C16F9F}.Debug|Any CPU.Build.0 = Debug|Any CPU
		{4D4661EE-FCD2-42DA-874F-09FD00C16F9F}.Release|Any CPU.ActiveCfg = Release|Any CPU
		{4D4661EE-FCD2-42DA-874F-09FD00C16F9F}.Release|Any CPU.Build.0 = Release|Any CPU
		{238539BA-7ED7-4D92-BD55-DF106DC8B073}.Debug|Any CPU.ActiveCfg = Debug|Any CPU
		{238539BA-7ED7-4D92-BD55-DF106DC8B073}.Debug|Any CPU.Build.0 = Debug|Any CPU
		{238539BA-7ED7-4D92-BD55-DF106DC8B073}.Release|Any CPU.ActiveCfg = Release|Any CPU
		{238539BA-7ED7-4D92-BD55-DF106DC8B073}.Release|Any CPU.Build.0 = Release|Any CPU
	EndGlobalSection
	GlobalSection(SolutionProperties) = preSolution
		HideSolutionNode = FALSE
	EndGlobalSection
	GlobalSection(NestedProjects) = preSolution
		{E90130BA-2B56-473E-95CB-02C2909FACA5} = {CCA4B024-6D7D-42EC-B496-F70234C2E6DC}
		{E6C09733-2C00-4450-8B24-624457ABA8C8} = {CCA4B024-6D7D-42EC-B496-F70234C2E6DC}
		{4D4661EE-FCD2-42DA-874F-09FD00C16F9F} = {D48CE884-876B-4E80-90F9-239EC259370A}
		{238539BA-7ED7-4D92-BD55-DF106DC8B073} = {D48CE884-876B-4E80-90F9-239EC259370A}
	EndGlobalSection
	GlobalSection(ExtensibilityGlobals) = postSolution
		SolutionGuid = {67E56D0F-F150-467C-8987-8A24A605EEB8}
	EndGlobalSection
EndGlobal
